// !$*UTF8*$!
{
	archiveVersion = 1;
	classes = {
	};
	objectVersion = 50;
	objects = {

/* Begin PBXBuildFile section */
		8F587D0A232A540D00BA2491 /* AppDelegate.swift in Sources */ = {isa = PBXBuildFile; fileRef = 8F587D09232A540D00BA2491 /* AppDelegate.swift */; };
		8F587D0C232A540D00BA2491 /* ViewController.swift in Sources */ = {isa = PBXBuildFile; fileRef = 8F587D0B232A540D00BA2491 /* ViewController.swift */; };
		8F587D0F232A540D00BA2491 /* Main.storyboard in Resources */ = {isa = PBXBuildFile; fileRef = 8F587D0D232A540D00BA2491 /* Main.storyboard */; };
		8F587D11232A540E00BA2491 /* Assets.xcassets in Resources */ = {isa = PBXBuildFile; fileRef = 8F587D10232A540E00BA2491 /* Assets.xcassets */; };
		8F587D14232A540E00BA2491 /* LaunchScreen.storyboard in Resources */ = {isa = PBXBuildFile; fileRef = 8F587D12232A540E00BA2491 /* LaunchScreen.storyboard */; };
		8F587D1F232A540E00BA2491 /* TechPodTests.swift in Sources */ = {isa = PBXBuildFile; fileRef = 8F587D1E232A540E00BA2491 /* TechPodTests.swift */; };
		8F587D2A232A540E00BA2491 /* TechPodUITests.swift in Sources */ = {isa = PBXBuildFile; fileRef = 8F587D29232A540E00BA2491 /* TechPodUITests.swift */; };
/* End PBXBuildFile section */

/* Begin PBXContainerItemProxy section */
		8F587D1B232A540E00BA2491 /* PBXContainerItemProxy */ = {
			isa = PBXContainerItemProxy;
			containerPortal = 8F587CFE232A540D00BA2491 /* Project object */;
			proxyType = 1;
			remoteGlobalIDString = 8F587D05232A540D00BA2491;
			remoteInfo = TechPod;
		};
		8F587D26232A540E00BA2491 /* PBXContainerItemProxy */ = {
			isa = PBXContainerItemProxy;
			containerPortal = 8F587CFE232A540D00BA2491 /* Project object */;
			proxyType = 1;
			remoteGlobalIDString = 8F587D05232A540D00BA2491;
			remoteInfo = TechPod;
		};
/* End PBXContainerItemProxy section */

/* Begin PBXFileReference section */
		8F587D06232A540D00BA2491 /* TechPod.app */ = {isa = PBXFileReference; explicitFileType = wrapper.application; includeInIndex = 0; path = TechPod.app; sourceTree = BUILT_PRODUCTS_DIR; };
		8F587D09232A540D00BA2491 /* AppDelegate.swift */ = {isa = PBXFileReference; lastKnownFileType = sourcecode.swift; path = AppDelegate.swift; sourceTree = "<group>"; };
		8F587D0B232A540D00BA2491 /* ViewController.swift */ = {isa = PBXFileReference; lastKnownFileType = sourcecode.swift; path = ViewController.swift; sourceTree = "<group>"; };
		8F587D0E232A540D00BA2491 /* Base */ = {isa = PBXFileReference; lastKnownFileType = file.storyboard; name = Base; path = Base.lproj/Main.storyboard; sourceTree = "<group>"; };
		8F587D10232A540E00BA2491 /* Assets.xcassets */ = {isa = PBXFileReference; lastKnownFileType = folder.assetcatalog; path = Assets.xcassets; sourceTree = "<group>"; };
		8F587D13232A540E00BA2491 /* Base */ = {isa = PBXFileReference; lastKnownFileType = file.storyboard; name = Base; path = Base.lproj/LaunchScreen.storyboard; sourceTree = "<group>"; };
		8F587D15232A540E00BA2491 /* Info.plist */ = {isa = PBXFileReference; lastKnownFileType = text.plist.xml; path = Info.plist; sourceTree = "<group>"; };
		8F587D1A232A540E00BA2491 /* TechPodTests.xctest */ = {isa = PBXFileReference; explicitFileType = wrapper.cfbundle; includeInIndex = 0; path = TechPodTests.xctest; sourceTree = BUILT_PRODUCTS_DIR; };
		8F587D1E232A540E00BA2491 /* TechPodTests.swift */ = {isa = PBXFileReference; lastKnownFileType = sourcecode.swift; path = TechPodTests.swift; sourceTree = "<group>"; };
		8F587D20232A540E00BA2491 /* Info.plist */ = {isa = PBXFileReference; lastKnownFileType = text.plist.xml; path = Info.plist; sourceTree = "<group>"; };
		8F587D25232A540E00BA2491 /* TechPodUITests.xctest */ = {isa = PBXFileReference; explicitFileType = wrapper.cfbundle; includeInIndex = 0; path = TechPodUITests.xctest; sourceTree = BUILT_PRODUCTS_DIR; };
		8F587D29232A540E00BA2491 /* TechPodUITests.swift */ = {isa = PBXFileReference; lastKnownFileType = sourcecode.swift; path = TechPodUITests.swift; sourceTree = "<group>"; };
		8F587D2B232A540E00BA2491 /* Info.plist */ = {isa = PBXFileReference; lastKnownFileType = text.plist.xml; path = Info.plist; sourceTree = "<group>"; };
/* End PBXFileReference section */

/* Begin PBXFrameworksBuildPhase section */
		8F587D03232A540D00BA2491 /* Frameworks */ = {
			isa = PBXFrameworksBuildPhase;
			buildActionMask = 2147483647;
			files = (
			);
			runOnlyForDeploymentPostprocessing = 0;
		};
		8F587D17232A540E00BA2491 /* Frameworks */ = {
			isa = PBXFrameworksBuildPhase;
			buildActionMask = 2147483647;
			files = (
			);
			runOnlyForDeploymentPostprocessing = 0;
		};
		8F587D22232A540E00BA2491 /* Frameworks */ = {
			isa = PBXFrameworksBuildPhase;
			buildActionMask = 2147483647;
			files = (
			);
			runOnlyForDeploymentPostprocessing = 0;
		};
/* End PBXFrameworksBuildPhase section */

/* Begin PBXGroup section */
		8F587CFD232A540D00BA2491 = {
			isa = PBXGroup;
			children = (
				8F587D08232A540D00BA2491 /* TechPod */,
				8F587D1D232A540E00BA2491 /* TechPodTests */,
				8F587D28232A540E00BA2491 /* TechPodUITests */,
				8F587D07232A540D00BA2491 /* Products */,
			);
			sourceTree = "<group>";
		};
		8F587D07232A540D00BA2491 /* Products */ = {
			isa = PBXGroup;
			children = (
				8F587D06232A540D00BA2491 /* TechPod.app */,
				8F587D1A232A540E00BA2491 /* TechPodTests.xctest */,
				8F587D25232A540E00BA2491 /* TechPodUITests.xctest */,
			);
			name = Products;
			sourceTree = "<group>";
		};
		8F587D08232A540D00BA2491 /* TechPod */ = {
			isa = PBXGroup;
			children = (
				8F587D09232A540D00BA2491 /* AppDelegate.swift */,
				8F587D0B232A540D00BA2491 /* ViewController.swift */,
				8F587D0D232A540D00BA2491 /* Main.storyboard */,
				8F587D10232A540E00BA2491 /* Assets.xcassets */,
				8F587D12232A540E00BA2491 /* LaunchScreen.storyboard */,
				8F587D15232A540E00BA2491 /* Info.plist */,
			);
			path = TechPod;
			sourceTree = "<group>";
		};
		8F587D1D232A540E00BA2491 /* TechPodTests */ = {
			isa = PBXGroup;
			children = (
				8F587D1E232A540E00BA2491 /* TechPodTests.swift */,
				8F587D20232A540E00BA2491 /* Info.plist */,
			);
			path = TechPodTests;
			sourceTree = "<group>";
		};
		8F587D28232A540E00BA2491 /* TechPodUITests */ = {
			isa = PBXGroup;
			children = (
				8F587D29232A540E00BA2491 /* TechPodUITests.swift */,
				8F587D2B232A540E00BA2491 /* Info.plist */,
			);
			path = TechPodUITests;
			sourceTree = "<group>";
		};
/* End PBXGroup section */

/* Begin PBXNativeTarget section */
		8F587D05232A540D00BA2491 /* TechPod */ = {
			isa = PBXNativeTarget;
			buildConfigurationList = 8F587D2E232A540E00BA2491 /* Build configuration list for PBXNativeTarget "TechPod" */;
			buildPhases = (
				8F587D02232A540D00BA2491 /* Sources */,
				8F587D03232A540D00BA2491 /* Frameworks */,
				8F587D04232A540D00BA2491 /* Resources */,
			);
			buildRules = (
			);
			dependencies = (
			);
			name = TechPod;
			productName = TechPod;
			productReference = 8F587D06232A540D00BA2491 /* TechPod.app */;
			productType = "com.apple.product-type.application";
		};
		8F587D19232A540E00BA2491 /* TechPodTests */ = {
			isa = PBXNativeTarget;
			buildConfigurationList = 8F587D31232A540E00BA2491 /* Build configuration list for PBXNativeTarget "TechPodTests" */;
			buildPhases = (
				8F587D16232A540E00BA2491 /* Sources */,
				8F587D17232A540E00BA2491 /* Frameworks */,
				8F587D18232A540E00BA2491 /* Resources */,
			);
			buildRules = (
			);
			dependencies = (
				8F587D1C232A540E00BA2491 /* PBXTargetDependency */,
			);
			name = TechPodTests;
			productName = TechPodTests;
			productReference = 8F587D1A232A540E00BA2491 /* TechPodTests.xctest */;
			productType = "com.apple.product-type.bundle.unit-test";
		};
		8F587D24232A540E00BA2491 /* TechPodUITests */ = {
			isa = PBXNativeTarget;
			buildConfigurationList = 8F587D34232A540E00BA2491 /* Build configuration list for PBXNativeTarget "TechPodUITests" */;
			buildPhases = (
				8F587D21232A540E00BA2491 /* Sources */,
				8F587D22232A540E00BA2491 /* Frameworks */,
				8F587D23232A540E00BA2491 /* Resources */,
			);
			buildRules = (
			);
			dependencies = (
				8F587D27232A540E00BA2491 /* PBXTargetDependency */,
			);
			name = TechPodUITests;
			productName = TechPodUITests;
			productReference = 8F587D25232A540E00BA2491 /* TechPodUITests.xctest */;
			productType = "com.apple.product-type.bundle.ui-testing";
		};
/* End PBXNativeTarget section */

/* Begin PBXProject section */
		8F587CFE232A540D00BA2491 /* Project object */ = {
			isa = PBXProject;
			attributes = {
				LastSwiftUpdateCheck = 1030;
				LastUpgradeCheck = 1030;
				ORGANIZATIONNAME = kyamisuke;
				TargetAttributes = {
					8F587D05232A540D00BA2491 = {
						CreatedOnToolsVersion = 10.3;
					};
					8F587D19232A540E00BA2491 = {
						CreatedOnToolsVersion = 10.3;
						TestTargetID = 8F587D05232A540D00BA2491;
					};
					8F587D24232A540E00BA2491 = {
						CreatedOnToolsVersion = 10.3;
						TestTargetID = 8F587D05232A540D00BA2491;
					};
				};
			};
			buildConfigurationList = 8F587D01232A540D00BA2491 /* Build configuration list for PBXProject "TechPod" */;
			compatibilityVersion = "Xcode 9.3";
			developmentRegion = en;
			hasScannedForEncodings = 0;
			knownRegions = (
				en,
				Base,
			);
			mainGroup = 8F587CFD232A540D00BA2491;
			productRefGroup = 8F587D07232A540D00BA2491 /* Products */;
			projectDirPath = "";
			projectRoot = "";
			targets = (
				8F587D05232A540D00BA2491 /* TechPod */,
				8F587D19232A540E00BA2491 /* TechPodTests */,
				8F587D24232A540E00BA2491 /* TechPodUITests */,
			);
		};
/* End PBXProject section */

/* Begin PBXResourcesBuildPhase section */
		8F587D04232A540D00BA2491 /* Resources */ = {
			isa = PBXResourcesBuildPhase;
			buildActionMask = 2147483647;
			files = (
				8F587D14232A540E00BA2491 /* LaunchScreen.storyboard in Resources */,
				8F587D11232A540E00BA2491 /* Assets.xcassets in Resources */,
				8F587D0F232A540D00BA2491 /* Main.storyboard in Resources */,
			);
			runOnlyForDeploymentPostprocessing = 0;
		};
		8F587D18232A540E00BA2491 /* Resources */ = {
			isa = PBXResourcesBuildPhase;
			buildActionMask = 2147483647;
			files = (
			);
			runOnlyForDeploymentPostprocessing = 0;
		};
		8F587D23232A540E00BA2491 /* Resources */ = {
			isa = PBXResourcesBuildPhase;
			buildActionMask = 2147483647;
			files = (
			);
			runOnlyForDeploymentPostprocessing = 0;
		};
/* End PBXResourcesBuildPhase section */

/* Begin PBXSourcesBuildPhase section */
		8F587D02232A540D00BA2491 /* Sources */ = {
			isa = PBXSourcesBuildPhase;
			buildActionMask = 2147483647;
			files = (
				8F587D0C232A540D00BA2491 /* ViewController.swift in Sources */,
				8F587D0A232A540D00BA2491 /* AppDelegate.swift in Sources */,
			);
			runOnlyForDeploymentPostprocessing = 0;
		};
		8F587D16232A540E00BA2491 /* Sources */ = {
			isa = PBXSourcesBuildPhase;
			buildActionMask = 2147483647;
			files = (
				8F587D1F232A540E00BA2491 /* TechPodTests.swift in Sources */,
			);
			runOnlyForDeploymentPostprocessing = 0;
		};
		8F587D21232A540E00BA2491 /* Sources */ = {
			isa = PBXSourcesBuildPhase;
			buildActionMask = 2147483647;
			files = (
				8F587D2A232A540E00BA2491 /* TechPodUITests.swift in Sources */,
			);
			runOnlyForDeploymentPostprocessing = 0;
		};
/* End PBXSourcesBuildPhase section */

/* Begin PBXTargetDependency section */
		8F587D1C232A540E00BA2491 /* PBXTargetDependency */ = {
			isa = PBXTargetDependency;
			target = 8F587D05232A540D00BA2491 /* TechPod */;
			targetProxy = 8F587D1B232A540E00BA2491 /* PBXContainerItemProxy */;
		};
		8F587D27232A540E00BA2491 /* PBXTargetDependency */ = {
			isa = PBXTargetDependency;
			target = 8F587D05232A540D00BA2491 /* TechPod */;
			targetProxy = 8F587D26232A540E00BA2491 /* PBXContainerItemProxy */;
		};
/* End PBXTargetDependency section */

/* Begin PBXVariantGroup section */
		8F587D0D232A540D00BA2491 /* Main.storyboard */ = {
			isa = PBXVariantGroup;
			children = (
				8F587D0E232A540D00BA2491 /* Base */,
			);
			name = Main.storyboard;
			sourceTree = "<group>";
		};
		8F587D12232A540E00BA2491 /* LaunchScreen.storyboard */ = {
			isa = PBXVariantGroup;
			children = (
				8F587D13232A540E00BA2491 /* Base */,
			);
			name = LaunchScreen.storyboard;
			sourceTree = "<group>";
		};
/* End PBXVariantGroup section */

/* Begin XCBuildConfiguration section */
		8F587D2C232A540E00BA2491 /* Debug */ = {
			isa = XCBuildConfiguration;
			buildSettings = {
				ALWAYS_SEARCH_USER_PATHS = NO;
				CLANG_ANALYZER_NONNULL = YES;
				CLANG_ANALYZER_NUMBER_OBJECT_CONVERSION = YES_AGGRESSIVE;
				CLANG_CXX_LANGUAGE_STANDARD = "gnu++14";
				CLANG_CXX_LIBRARY = "libc++";
				CLANG_ENABLE_MODULES = YES;
				CLANG_ENABLE_OBJC_ARC = YES;
				CLANG_ENABLE_OBJC_WEAK = YES;
				CLANG_WARN_BLOCK_CAPTURE_AUTORELEASING = YES;
				CLANG_WARN_BOOL_CONVERSION = YES;
				CLANG_WARN_COMMA = YES;
				CLANG_WARN_CONSTANT_CONVERSION = YES;
				CLANG_WARN_DEPRECATED_OBJC_IMPLEMENTATIONS = YES;
				CLANG_WARN_DIRECT_OBJC_ISA_USAGE = YES_ERROR;
				CLANG_WARN_DOCUMENTATION_COMMENTS = YES;
				CLANG_WARN_EMPTY_BODY = YES;
				CLANG_WARN_ENUM_CONVERSION = YES;
				CLANG_WARN_INFINITE_RECURSION = YES;
				CLANG_WARN_INT_CONVERSION = YES;
				CLANG_WARN_NON_LITERAL_NULL_CONVERSION = YES;
				CLANG_WARN_OBJC_IMPLICIT_RETAIN_SELF = YES;
				CLANG_WARN_OBJC_LITERAL_CONVERSION = YES;
				CLANG_WARN_OBJC_ROOT_CLASS = YES_ERROR;
				CLANG_WARN_RANGE_LOOP_ANALYSIS = YES;
				CLANG_WARN_STRICT_PROTOTYPES = YES;
				CLANG_WARN_SUSPICIOUS_MOVE = YES;
				CLANG_WARN_UNGUARDED_AVAILABILITY = YES_AGGRESSIVE;
				CLANG_WARN_UNREACHABLE_CODE = YES;
				CLANG_WARN__DUPLICATE_METHOD_MATCH = YES;
				CODE_SIGN_IDENTITY = "iPhone Developer";
				COPY_PHASE_STRIP = NO;
				DEBUG_INFORMATION_FORMAT = dwarf;
				ENABLE_STRICT_OBJC_MSGSEND = YES;
				ENABLE_TESTABILITY = YES;
				GCC_C_LANGUAGE_STANDARD = gnu11;
				GCC_DYNAMIC_NO_PIC = NO;
				GCC_NO_COMMON_BLOCKS = YES;
				GCC_OPTIMIZATION_LEVEL = 0;
				GCC_PREPROCESSOR_DEFINITIONS = (
					"DEBUG=1",
					"$(inherited)",
				);
				GCC_WARN_64_TO_32_BIT_CONVERSION = YES;
				GCC_WARN_ABOUT_RETURN_TYPE = YES_ERROR;
				GCC_WARN_UNDECLARED_SELECTOR = YES;
				GCC_WARN_UNINITIALIZED_AUTOS = YES_AGGRESSIVE;
				GCC_WARN_UNUSED_FUNCTION = YES;
				GCC_WARN_UNUSED_VARIABLE = YES;
				IPHONEOS_DEPLOYMENT_TARGET = 12.4;
				MTL_ENABLE_DEBUG_INFO = INCLUDE_SOURCE;
				MTL_FAST_MATH = YES;
				ONLY_ACTIVE_ARCH = YES;
				SDKROOT = iphoneos;
				SWIFT_ACTIVE_COMPILATION_CONDITIONS = DEBUG;
				SWIFT_OPTIMIZATION_LEVEL = "-Onone";
			};
			name = Debug;
		};
		8F587D2D232A540E00BA2491 /* Release */ = {
			isa = XCBuildConfiguration;
			buildSettings = {
				ALWAYS_SEARCH_USER_PATHS = NO;
				CLANG_ANALYZER_NONNULL = YES;
				CLANG_ANALYZER_NUMBER_OBJECT_CONVERSION = YES_AGGRESSIVE;
				CLANG_CXX_LANGUAGE_STANDARD = "gnu++14";
				CLANG_CXX_LIBRARY = "libc++";
				CLANG_ENABLE_MODULES = YES;
				CLANG_ENABLE_OBJC_ARC = YES;
				CLANG_ENABLE_OBJC_WEAK = YES;
				CLANG_WARN_BLOCK_CAPTURE_AUTORELEASING = YES;
				CLANG_WARN_BOOL_CONVERSION = YES;
				CLANG_WARN_COMMA = YES;
				CLANG_WARN_CONSTANT_CONVERSION = YES;
				CLANG_WARN_DEPRECATED_OBJC_IMPLEMENTATIONS = YES;
				CLANG_WARN_DIRECT_OBJC_ISA_USAGE = YES_ERROR;
				CLANG_WARN_DOCUMENTATION_COMMENTS = YES;
				CLANG_WARN_EMPTY_BODY = YES;
				CLANG_WARN_ENUM_CONVERSION = YES;
				CLANG_WARN_INFINITE_RECURSION = YES;
				CLANG_WARN_INT_CONVERSION = YES;
				CLANG_WARN_NON_LITERAL_NULL_CONVERSION = YES;
				CLANG_WARN_OBJC_IMPLICIT_RETAIN_SELF = YES;
				CLANG_WARN_OBJC_LITERAL_CONVERSION = YES;
				CLANG_WARN_OBJC_ROOT_CLASS = YES_ERROR;
				CLANG_WARN_RANGE_LOOP_ANALYSIS = YES;
				CLANG_WARN_STRICT_PROTOTYPES = YES;
				CLANG_WARN_SUSPICIOUS_MOVE = YES;
				CLANG_WARN_UNGUARDED_AVAILABILITY = YES_AGGRESSIVE;
				CLANG_WARN_UNREACHABLE_CODE = YES;
				CLANG_WARN__DUPLICATE_METHOD_MATCH = YES;
				CODE_SIGN_IDENTITY = "iPhone Developer";
				COPY_PHASE_STRIP = NO;
				DEBUG_INFORMATION_FORMAT = "dwarf-with-dsym";
				ENABLE_NS_ASSERTIONS = NO;
				ENABLE_STRICT_OBJC_MSGSEND = YES;
				GCC_C_LANGUAGE_STANDARD = gnu11;
				GCC_NO_COMMON_BLOCKS = YES;
				GCC_WARN_64_TO_32_BIT_CONVERSION = YES;
				GCC_WARN_ABOUT_RETURN_TYPE = YES_ERROR;
				GCC_WARN_UNDECLARED_SELECTOR = YES;
				GCC_WARN_UNINITIALIZED_AUTOS = YES_AGGRESSIVE;
				GCC_WARN_UNUSED_FUNCTION = YES;
				GCC_WARN_UNUSED_VARIABLE = YES;
				IPHONEOS_DEPLOYMENT_TARGET = 12.4;
				MTL_ENABLE_DEBUG_INFO = NO;
				MTL_FAST_MATH = YES;
				SDKROOT = iphoneos;
				SWIFT_COMPILATION_MODE = wholemodule;
				SWIFT_OPTIMIZATION_LEVEL = "-O";
				VALIDATE_PRODUCT = YES;
			};
			name = Release;
		};
		8F587D2F232A540E00BA2491 /* Debug */ = {
			isa = XCBuildConfiguration;
			buildSettings = {
				ASSETCATALOG_COMPILER_APPICON_NAME = AppIcon;
				CODE_SIGN_STYLE = Automatic;
				INFOPLIST_FILE = TechPod/Info.plist;
				LD_RUNPATH_SEARCH_PATHS = (
					"$(inherited)",
					"@executable_path/Frameworks",
				);
				PRODUCT_BUNDLE_IDENTIFIER = kyamisuke.TechPod;
				PRODUCT_NAME = "$(TARGET_NAME)";
				SWIFT_VERSION = 5.0;
				TARGETED_DEVICE_FAMILY = "1,2";
			};
			name = Debug;
		};
		8F587D30232A540E00BA2491 /* Release */ = {
			isa = XCBuildConfiguration;
			buildSettings = {
				ASSETCATALOG_COMPILER_APPICON_NAME = AppIcon;
				CODE_SIGN_STYLE = Automatic;
				INFOPLIST_FILE = TechPod/Info.plist;
				LD_RUNPATH_SEARCH_PATHS = (
					"$(inherited)",
					"@executable_path/Frameworks",
				);
				PRODUCT_BUNDLE_IDENTIFIER = kyamisuke.TechPod;
				PRODUCT_NAME = "$(TARGET_NAME)";
				SWIFT_VERSION = 5.0;
				TARGETED_DEVICE_FAMILY = "1,2";
			};
			name = Release;
		};
		8F587D32232A540E00BA2491 /* Debug */ = {
			isa = XCBuildConfiguration;
			buildSettings = {
				ALWAYS_EMBED_SWIFT_STANDARD_LIBRARIES = YES;
				BUNDLE_LOADER = "$(TEST_HOST)";
				CODE_SIGN_STYLE = Automatic;
				INFOPLIST_FILE = TechPodTests/Info.plist;
				LD_RUNPATH_SEARCH_PATHS = (
					"$(inherited)",
					"@executable_path/Frameworks",
					"@loader_path/Frameworks",
				);
				PRODUCT_BUNDLE_IDENTIFIER = kyamisuke.TechPodTests;
				PRODUCT_NAME = "$(TARGET_NAME)";
				SWIFT_VERSION = 5.0;
				TARGETED_DEVICE_FAMILY = "1,2";
				TEST_HOST = "$(BUILT_PRODUCTS_DIR)/TechPod.app/TechPod";
			};
			name = Debug;
		};
		8F587D33232A540E00BA2491 /* Release */ = {
			isa = XCBuildConfiguration;
			buildSettings = {
				ALWAYS_EMBED_SWIFT_STANDARD_LIBRARIES = YES;
				BUNDLE_LOADER = "$(TEST_HOST)";
				CODE_SIGN_STYLE = Automatic;
				INFOPLIST_FILE = TechPodTests/Info.plist;
				LD_RUNPATH_SEARCH_PATHS = (
					"$(inherited)",
					"@executable_path/Frameworks",
					"@loader_path/Frameworks",
				);
				PRODUCT_BUNDLE_IDENTIFIER = kyamisuke.TechPodTests;
				PRODUCT_NAME = "$(TARGET_NAME)";
				SWIFT_VERSION = 5.0;
				TARGETED_DEVICE_FAMILY = "1,2";
				TEST_HOST = "$(BUILT_PRODUCTS_DIR)/TechPod.app/TechPod";
			};
			name = Release;
		};
		8F587D35232A540E00BA2491 /* Debug */ = {
			isa = XCBuildConfiguration;
			buildSettings = {
				ALWAYS_EMBED_SWIFT_STANDARD_LIBRARIES = YES;
				CODE_SIGN_STYLE = Automatic;
				INFOPLIST_FILE = TechPodUITests/Info.plist;
				LD_RUNPATH_SEARCH_PATHS = (
					"$(inherited)",
					"@executable_path/Frameworks",
					"@loader_path/Frameworks",
				);
				PRODUCT_BUNDLE_IDENTIFIER = kyamisuke.TechPodUITests;
				PRODUCT_NAME = "$(TARGET_NAME)";
				SWIFT_VERSION = 5.0;
				TARGETED_DEVICE_FAMILY = "1,2";
				TEST_TARGET_NAME = TechPod;
			};
			name = Debug;
		};
		8F587D36232A540E00BA2491 /* Release */ = {
			isa = XCBuildConfiguration;
			buildSettings = {
				ALWAYS_EMBED_SWIFT_STANDARD_LIBRARIES = YES;
				CODE_SIGN_STYLE = Automatic;
				INFOPLIST_FILE = TechPodUITests/Info.plist;
				LD_RUNPATH_SEARCH_PATHS = (
					"$(inherited)",
					"@executable_path/Frameworks",
					"@loader_path/Frameworks",
				);
				PRODUCT_BUNDLE_IDENTIFIER = kyamisuke.TechPodUITests;
				PRODUCT_NAME = "$(TARGET_NAME)";
				SWIFT_VERSION = 5.0;
				TARGETED_DEVICE_FAMILY = "1,2";
				TEST_TARGET_NAME = TechPod;
			};
			name = Release;
		};
/* End XCBuildConfiguration section */

/* Begin XCConfigurationList section */
		8F587D01232A540D00BA2491 /* Build configuration list for PBXProject "TechPod" */ = {
			isa = XCConfigurationList;
			buildConfigurations = (
				8F587D2C232A540E00BA2491 /* Debug */,
				8F587D2D232A540E00BA2491 /* Release */,
			);
			defaultConfigurationIsVisible = 0;
			defaultConfigurationName = Release;
		};
		8F587D2E232A540E00BA2491 /* Build configuration list for PBXNativeTarget "TechPod" */ = {
			isa = XCConfigurationList;
			buildConfigurations = (
				8F587D2F232A540E00BA2491 /* Debug */,
				8F587D30232A540E00BA2491 /* Release */,
			);
			defaultConfigurationIsVisible = 0;
			defaultConfigurationName = Release;
		};
		8F587D31232A540E00BA2491 /* Build configuration list for PBXNativeTarget "TechPodTests" */ = {
			isa = XCConfigurationList;
			buildConfigurations = (
				8F587D32232A540E00BA2491 /* Debug */,
				8F587D33232A540E00BA2491 /* Release */,
			);
			defaultConfigurationIsVisible = 0;
			defaultConfigurationName = Release;
		};
		8F587D34232A540E00BA2491 /* Build configuration list for PBXNativeTarget "TechPodUITests" */ = {
			isa = XCConfigurationList;
			buildConfigurations = (
				8F587D35232A540E00BA2491 /* Debug */,
				8F587D36232A540E00BA2491 /* Release */,
			);
			defaultConfigurationIsVisible = 0;
			defaultConfigurationName = Release;
		};
/* End XCConfigurationList section */
	};
	rootObject = 8F587CFE232A540D00BA2491 /* Project object */;
}
